
Microsoft Visual Studio Solution File, Format Version 12.00
# Visual Studio 15
VisualStudioVersion = 15.0.26730.12
MinimumVisualStudioVersion = 10.0.40219.1
Project("{9A19103F-16F7-4668-BE54-9A1E7A4F7556}") = "TCPServer", "TCPServer\TCPServer.csproj", "{356EE692-65E1-4E24-B02C-7F6E8D392A0A}"
EndProject
Project("{9A19103F-16F7-4668-BE54-9A1E7A4F7556}") = "TCPNetworkLib", "..\TCPNetworkLib\TCPNetworkLib\TCPNetworkLib.csproj", "{9A0CA4AF-2D5E-4887-8350-E01D1B181709}"
EndProject
Global
	GlobalSection(SolutionConfigurationPlatforms) = preSolution
		Debug|Any CPU = Debug|Any CPU
		Release|Any CPU = Release|Any CPU
	EndGlobalSection
	GlobalSection(ProjectConfigurationPlatforms) = postSolution
		{356EE692-65E1-4E24-B02C-7F6E8D392A0A}.Debug|Any CPU.ActiveCfg = Debug|Any CPU
		{356EE692-65E1-4E24-B02C-7F6E8D392A0A}.Debug|Any CPU.Build.0 = Debug|Any CPU
		{356EE692-65E1-4E24-B02C-7F6E8D392A0A}.Release|Any CPU.ActiveCfg = Release|Any CPU
		{356EE692-65E1-4E24-B02C-7F6E8D392A0A}.Release|Any CPU.Build.0 = Release|Any CPU
		{9A0CA4AF-2D5E-4887-8350-E01D1B181709}.Debug|Any CPU.ActiveCfg = Debug|Any CPU
		{9A0CA4AF-2D5E-4887-8350-E01D1B181709}.Debug|Any CPU.Build.0 = Debug|Any CPU
		{9A0CA4AF-2D5E-4887-8350-E01D1B181709}.Release|Any CPU.ActiveCfg = Release|Any CPU
		{9A0CA4AF-2D5E-4887-8350-E01D1B181709}.Release|Any CPU.Build.0 = Release|Any CPU
	EndGlobalSection
	GlobalSection(SolutionProperties) = preSolution
		HideSolutionNode = FALSE
	EndGlobalSection
	GlobalSection(ExtensibilityGlobals) = postSolution
		SolutionGuid = {7AE56603-4A46-4056-8D09-690284CCD618}
	EndGlobalSection
EndGlobal
